Microsoft Visual Studio Solution File, Format Version 12.00
# Visual Studio Version 16
VisualStudioVersion = 16.0.29920.165
MinimumVisualStudioVersion = 15.0.26124.0
Project("{D954291E-2A0B-460D-934E-DC6B0785DB48}") = "CoffeeBrowser.Shared", "CoffeeBrowser.Shared\CoffeeBrowser.Shared.shproj", "{6279C845-92F8-4333-AB99-3D213163593C}"
EndProject
Project("{FAE04EC0-301F-11D3-BF4B-00C04F79EFBC}") = "CoffeeBrowser.Droid", "CoffeeBrowser.Droid\CoffeeBrowser.Droid.csproj", "{C6EE1CE5-6EA4-441D-A724-31911D6F63D6}"
EndProject
Project("{FAE04EC0-301F-11D3-BF4B-00C04F79EFBC}") = "CoffeeBrowser.iOS", "CoffeeBrowser.iOS\CoffeeBrowser.iOS.csproj", "{950E4BDB-36BB-43D2-ADE0-453897F8276B}"
EndProject
Project("{9A19103F-16F7-4668-BE54-9A1E7A4F7556}") = "CoffeeBrowser.Wasm", "CoffeeBrowser.Wasm\CoffeeBrowser.Wasm.csproj", "{40EA03F7-8A22-4143-B251-79BAC3EB13D2}"
EndProject
Project("{9A19103F-16F7-4668-BE54-9A1E7A4F7556}") = "CoffeeBrowser.Windows.Desktop", "CoffeeBrowser.Windows.Desktop\CoffeeBrowser.Windows.Desktop.csproj", "{1AA13270-F438-4864-9435-54FD806E10EA}"
EndProject
Project("{C7167F0D-BC9F-4E6E-AFE1-012C56B48DB5}") = "CoffeeBrowser.Windows.Package", "CoffeeBrowser.Windows.Package\CoffeeBrowser.Windows.Package.wapproj", "{DDCA0645-5C7D-4BB3-BDA4-C70E9D7335B6}"
EndProject
Project("{2150E333-8FDC-42A3-9474-1A3956D46DE8}") = "Platforms", "Platforms", "{64E11BED-A91A-4A54-9D86-4B8A8BE13B2E}"
EndProject
Global
	GlobalSection(SharedMSBuildProjectFiles) = preSolution
		CoffeeBrowser.Shared\CoffeeBrowser.Shared.projitems*{1aa13270-f438-4864-9435-54fd806e10ea}*SharedItemsImports = 5
		CoffeeBrowser.Shared\CoffeeBrowser.Shared.projitems*{40ea03f7-8a22-4143-b251-79bac3eb13d2}*SharedItemsImports = 5
		CoffeeBrowser.Shared\CoffeeBrowser.Shared.projitems*{6279c845-92f8-4333-ab99-3d213163593c}*SharedItemsImports = 13
		CoffeeBrowser.Shared\CoffeeBrowser.Shared.projitems*{950e4bdb-36bb-43d2-ade0-453897f8276b}*SharedItemsImports = 4
		CoffeeBrowser.Shared\CoffeeBrowser.Shared.projitems*{c6ee1ce5-6ea4-441d-a724-31911d6f63d6}*SharedItemsImports = 4
	EndGlobalSection
	GlobalSection(SolutionConfigurationPlatforms) = preSolution
		Ad-Hoc|Any CPU = Ad-Hoc|Any CPU
		Ad-Hoc|ARM = Ad-Hoc|ARM
		Ad-Hoc|ARM64 = Ad-Hoc|ARM64
		Ad-Hoc|iPhone = Ad-Hoc|iPhone
		Ad-Hoc|iPhoneSimulator = Ad-Hoc|iPhoneSimulator
		Ad-Hoc|x64 = Ad-Hoc|x64
		Ad-Hoc|x86 = Ad-Hoc|x86
		AppStore|Any CPU = AppStore|Any CPU
		AppStore|ARM = AppStore|ARM
		AppStore|ARM64 = AppStore|ARM64
		AppStore|iPhone = AppStore|iPhone
		AppStore|iPhoneSimulator = AppStore|iPhoneSimulator
		AppStore|x64 = AppStore|x64
		AppStore|x86 = AppStore|x86
		Debug|Any CPU = Debug|Any CPU
		Debug|ARM = Debug|ARM
		Debug|ARM64 = Debug|ARM64
		Debug|iPhone = Debug|iPhone
		Debug|iPhoneSimulator = Debug|iPhoneSimulator
		Debug|x64 = Debug|x64
		Debug|x86 = Debug|x86
		Release|Any CPU = Release|Any CPU
		Release|ARM = Release|ARM
		Release|ARM64 = Release|ARM64
		Release|iPhone = Release|iPhone
		Release|iPhoneSimulator = Release|iPhoneSimulator
		Release|x64 = Release|x64
		Release|x86 = Release|x86
	EndGlobalSection
	GlobalSection(ProjectConfigurationPlatforms) = postSolution
		{C6EE1CE5-6EA4-441D-A724-31911D6F63D6}.Ad-Hoc|Any CPU.ActiveCfg = Release|Any CPU
		{C6EE1CE5-6EA4-441D-A724-31911D6F63D6}.Ad-Hoc|Any CPU.Build.0 = Release|Any CPU
		{C6EE1CE5-6EA4-441D-A724-31911D6F63D6}.Ad-Hoc|Any CPU.Deploy.0 = Release|Any CPU
		{C6EE1CE5-6EA4-441D-A724-31911D6F63D6}.Ad-Hoc|ARM.ActiveCfg = Release|Any CPU
		{C6EE1CE5-6EA4-441D-A724-31911D6F63D6}.Ad-Hoc|ARM.Build.0 = Release|Any CPU
		{C6EE1CE5-6EA4-441D-A724-31911D6F63D6}.Ad-Hoc|ARM.Deploy.0 = Release|Any CPU
		{C6EE1CE5-6EA4-441D-A724-31911D6F63D6}.Ad-Hoc|ARM64.ActiveCfg = Release|Any CPU
		{C6EE1CE5-6EA4-441D-A724-31911D6F63D6}.Ad-Hoc|ARM64.Build.0 = Release|Any CPU
		{C6EE1CE5-6EA4-441D-A724-31911D6F63D6}.Ad-Hoc|ARM64.Deploy.0 = Release|Any CPU
		{C6EE1CE5-6EA4-441D-A724-31911D6F63D6}.Ad-Hoc|iPhone.ActiveCfg = Release|Any CPU
		{C6EE1CE5-6EA4-441D-A724-31911D6F63D6}.Ad-Hoc|iPhone.Build.0 = Release|Any CPU
		{C6EE1CE5-6EA4-441D-A724-31911D6F63D6}.Ad-Hoc|iPhone.Deploy.0 = Release|Any CPU
		{C6EE1CE5-6EA4-441D-A724-31911D6F63D6}.Ad-Hoc|iPhoneSimulator.ActiveCfg = Release|Any CPU
		{C6EE1CE5-6EA4-441D-A724-31911D6F63D6}.Ad-Hoc|iPhoneSimulator.Build.0 = Release|Any CPU
		{C6EE1CE5-6EA4-441D-A724-31911D6F63D6}.Ad-Hoc|iPhoneSimulator.Deploy.0 = Release|Any CPU
		{C6EE1CE5-6EA4-441D-A724-31911D6F63D6}.Ad-Hoc|x64.ActiveCfg = Release|Any CPU
		{C6EE1CE5-6EA4-441D-A724-31911D6F63D6}.Ad-Hoc|x64.Build.0 = Release|Any CPU
		{C6EE1CE5-6EA4-441D-A724-31911D6F63D6}.Ad-Hoc|x64.Deploy.0 = Release|Any CPU
		{C6EE1CE5-6EA4-441D-A724-31911D6F63D6}.Ad-Hoc|x86.ActiveCfg = Release|Any CPU
		{C6EE1CE5-6EA4-441D-A724-31911D6F63D6}.Ad-Hoc|x86.Build.0 = Release|Any CPU
		{C6EE1CE5-6EA4-441D-A724-31911D6F63D6}.Ad-Hoc|x86.Deploy.0 = Release|Any CPU
		{C6EE1CE5-6EA4-441D-A724-31911D6F63D6}.AppStore|Any CPU.ActiveCfg = Release|Any CPU
		{C6EE1CE5-6EA4-441D-A724-31911D6F63D6}.AppStore|Any CPU.Build.0 = Release|Any CPU
		{C6EE1CE5-6EA4-441D-A724-31911D6F63D6}.AppStore|Any CPU.Deploy.0 = Release|Any CPU
		{C6EE1CE5-6EA4-441D-A724-31911D6F63D6}.AppStore|ARM.ActiveCfg = Release|Any CPU
		{C6EE1CE5-6EA4-441D-A724-31911D6F63D6}.AppStore|ARM.Build.0 = Release|Any CPU
		{C6EE1CE5-6EA4-441D-A724-31911D6F63D6}.AppStore|ARM.Deploy.0 = Release|Any CPU
		{C6EE1CE5-6EA4-441D-A724-31911D6F63D6}.AppStore|ARM64.ActiveCfg = Release|Any CPU
		{C6EE1CE5-6EA4-441D-A724-31911D6F63D6}.AppStore|ARM64.Build.0 = Release|Any CPU
		{C6EE1CE5-6EA4-441D-A724-31911D6F63D6}.AppStore|ARM64.Deploy.0 = Release|Any CPU
		{C6EE1CE5-6EA4-441D-A724-31911D6F63D6}.AppStore|iPhone.ActiveCfg = Release|Any CPU
		{C6EE1CE5-6EA4-441D-A724-31911D6F63D6}.AppStore|iPhone.Build.0 = Release|Any CPU
		{C6EE1CE5-6EA4-441D-A724-31911D6F63D6}.AppStore|iPhone.Deploy.0 = Release|Any CPU
		{C6EE1CE5-6EA4-441D-A724-31911D6F63D6}.AppStore|iPhoneSimulator.ActiveCfg = Release|Any CPU
		{C6EE1CE5-6EA4-441D-A724-31911D6F63D6}.AppStore|iPhoneSimulator.Build.0 = Release|Any CPU
		{C6EE1CE5-6EA4-441D-A724-31911D6F63D6}.AppStore|iPhoneSimulator.Deploy.0 = Release|Any CPU
		{C6EE1CE5-6EA4-441D-A724-31911D6F63D6}.AppStore|x64.ActiveCfg = Release|Any CPU
		{C6EE1CE5-6EA4-441D-A724-31911D6F63D6}.AppStore|x64.Build.0 = Release|Any CPU
		{C6EE1CE5-6EA4-441D-A724-31911D6F63D6}.AppStore|x64.Deploy.0 = Release|Any CPU
		{C6EE1CE5-6EA4-441D-A724-31911D6F63D6}.AppStore|x86.ActiveCfg = Release|Any CPU
		{C6EE1CE5-6EA4-441D-A724-31911D6F63D6}.AppStore|x86.Build.0 = Release|Any CPU
		{C6EE1CE5-6EA4-441D-A724-31911D6F63D6}.AppStore|x86.Deploy.0 = Release|Any CPU
		{C6EE1CE5-6EA4-441D-A724-31911D6F63D6}.Debug|Any CPU.ActiveCfg = Debug|Any CPU
		{C6EE1CE5-6EA4-441D-A724-31911D6F63D6}.Debug|Any CPU.Build.0 = Debug|Any CPU
		{C6EE1CE5-6EA4-441D-A724-31911D6F63D6}.Debug|Any CPU.Deploy.0 = Debug|Any CPU
		{C6EE1CE5-6EA4-441D-A724-31911D6F63D6}.Debug|ARM.ActiveCfg = Debug|Any CPU
		{C6EE1CE5-6EA4-441D-A724-31911D6F63D6}.Debug|ARM.Build.0 = Debug|Any CPU
		{C6EE1CE5-6EA4-441D-A724-31911D6F63D6}.Debug|ARM.Deploy.0 = Debug|Any CPU
		{C6EE1CE5-6EA4-441D-A724-31911D6F63D6}.Debug|ARM64.ActiveCfg = Debug|Any CPU
		{C6EE1CE5-6EA4-441D-A724-31911D6F63D6}.Debug|ARM64.Build.0 = Debug|Any CPU
		{C6EE1CE5-6EA4-441D-A724-31911D6F63D6}.Debug|ARM64.Deploy.0 = Debug|Any CPU
		{C6EE1CE5-6EA4-441D-A724-31911D6F63D6}.Debug|iPhone.ActiveCfg = Debug|Any CPU
		{C6EE1CE5-6EA4-441D-A724-31911D6F63D6}.Debug|iPhone.Build.0 = Debug|Any CPU
		{C6EE1CE5-6EA4-441D-A724-31911D6F63D6}.Debug|iPhone.Deploy.0 = Debug|Any CPU
		{C6EE1CE5-6EA4-441D-A724-31911D6F63D6}.Debug|iPhoneSimulator.ActiveCfg = Debug|Any CPU
		{C6EE1CE5-6EA4-441D-A724-31911D6F63D6}.Debug|iPhoneSimulator.Build.0 = Debug|Any CPU
		{C6EE1CE5-6EA4-441D-A724-31911D6F63D6}.Debug|iPhoneSimulator.Deploy.0 = Debug|Any CPU
		{C6EE1CE5-6EA4-441D-A724-31911D6F63D6}.Debug|x64.ActiveCfg = Debug|Any CPU
		{C6EE1CE5-6EA4-441D-A724-31911D6F63D6}.Debug|x64.Build.0 = Debug|Any CPU
		{C6EE1CE5-6EA4-441D-A724-31911D6F63D6}.Debug|x64.Deploy.0 = Debug|Any CPU
		{C6EE1CE5-6EA4-441D-A724-31911D6F63D6}.Debug|x86.ActiveCfg = Debug|Any CPU
		{C6EE1CE5-6EA4-441D-A724-31911D6F63D6}.Debug|x86.Build.0 = Debug|Any CPU
		{C6EE1CE5-6EA4-441D-A724-31911D6F63D6}.Debug|x86.Deploy.0 = Debug|Any CPU
		{C6EE1CE5-6EA4-441D-A724-31911D6F63D6}.Release|Any CPU.ActiveCfg = Release|Any CPU
		{C6EE1CE5-6EA4-441D-A724-31911D6F63D6}.Release|Any CPU.Build.0 = Release|Any CPU
		{C6EE1CE5-6EA4-441D-A724-31911D6F63D6}.Release|Any CPU.Deploy.0 = Release|Any CPU
		{C6EE1CE5-6EA4-441D-A724-31911D6F63D6}.Release|ARM.ActiveCfg = Release|Any CPU
		{C6EE1CE5-6EA4-441D-A724-31911D6F63D6}.Release|ARM.Build.0 = Release|Any CPU
		{C6EE1CE5-6EA4-441D-A724-31911D6F63D6}.Release|ARM.Deploy.0 = Release|Any CPU
		{C6EE1CE5-6EA4-441D-A724-31911D6F63D6}.Release|ARM64.ActiveCfg = Release|Any CPU
		{C6EE1CE5-6EA4-441D-A724-31911D6F63D6}.Release|ARM64.Build.0 = Release|Any CPU
		{C6EE1CE5-6EA4-441D-A724-31911D6F63D6}.Release|ARM64.Deploy.0 = Release|Any CPU
		{C6EE1CE5-6EA4-441D-A724-31911D6F63D6}.Release|iPhone.ActiveCfg = Release|Any CPU
		{C6EE1CE5-6EA4-441D-A724-31911D6F63D6}.Release|iPhone.Build.0 = Release|Any CPU
		{C6EE1CE5-6EA4-441D-A724-31911D6F63D6}.Release|iPhone.Deploy.0 = Release|Any CPU
		{C6EE1CE5-6EA4-441D-A724-31911D6F63D6}.Release|iPhoneSimulator.ActiveCfg = Release|Any CPU
		{C6EE1CE5-6EA4-441D-A724-31911D6F63D6}.Release|iPhoneSimulator.Build.0 = Release|Any CPU
		{C6EE1CE5-6EA4-441D-A724-31911D6F63D6}.Release|iPhoneSimulator.Deploy.0 = Release|Any CPU
		{C6EE1CE5-6EA4-441D-A724-31911D6F63D6}.Release|x64.ActiveCfg = Release|Any CPU
		{C6EE1CE5-6EA4-441D-A724-31911D6F63D6}.Release|x64.Build.0 = Release|Any CPU
		{C6EE1CE5-6EA4-441D-A724-31911D6F63D6}.Release|x64.Deploy.0 = Release|Any CPU
		{C6EE1CE5-6EA4-441D-A724-31911D6F63D6}.Release|x86.ActiveCfg = Release|Any CPU
		{C6EE1CE5-6EA4-441D-A724-31911D6F63D6}.Release|x86.Build.0 = Release|Any CPU
		{C6EE1CE5-6EA4-441D-A724-31911D6F63D6}.Release|x86.Deploy.0 = Release|Any CPU
		{950E4BDB-36BB-43D2-ADE0-453897F8276B}.Ad-Hoc|Any CPU.ActiveCfg = Ad-Hoc|iPhoneSimulator
		{950E4BDB-36BB-43D2-ADE0-453897F8276B}.Ad-Hoc|ARM.ActiveCfg = Ad-Hoc|iPhoneSimulator
		{950E4BDB-36BB-43D2-ADE0-453897F8276B}.Ad-Hoc|ARM64.ActiveCfg = Ad-Hoc|iPhoneSimulator
		{950E4BDB-36BB-43D2-ADE0-453897F8276B}.Ad-Hoc|iPhone.ActiveCfg = Ad-Hoc|iPhone
		{950E4BDB-36BB-43D2-ADE0-453897F8276B}.Ad-Hoc|iPhone.Build.0 = Ad-Hoc|iPhone
		{950E4BDB-36BB-43D2-ADE0-453897F8276B}.Ad-Hoc|iPhoneSimulator.ActiveCfg = Ad-Hoc|iPhoneSimulator
		{950E4BDB-36BB-43D2-ADE0-453897F8276B}.Ad-Hoc|iPhoneSimulator.Build.0 = Ad-Hoc|iPhoneSimulator
		{950E4BDB-36BB-43D2-ADE0-453897F8276B}.Ad-Hoc|x64.ActiveCfg = Ad-Hoc|iPhoneSimulator
		{950E4BDB-36BB-43D2-ADE0-453897F8276B}.Ad-Hoc|x86.ActiveCfg = Ad-Hoc|iPhoneSimulator
		{950E4BDB-36BB-43D2-ADE0-453897F8276B}.AppStore|Any CPU.ActiveCfg = AppStore|iPhoneSimulator
		{950E4BDB-36BB-43D2-ADE0-453897F8276B}.AppStore|ARM.ActiveCfg = AppStore|iPhoneSimulator
		{950E4BDB-36BB-43D2-ADE0-453897F8276B}.AppStore|ARM64.ActiveCfg = AppStore|iPhoneSimulator
		{950E4BDB-36BB-43D2-ADE0-453897F8276B}.AppStore|iPhone.ActiveCfg = AppStore|iPhone
		{950E4BDB-36BB-43D2-ADE0-453897F8276B}.AppStore|iPhone.Build.0 = AppStore|iPhone
		{950E4BDB-36BB-43D2-ADE0-453897F8276B}.AppStore|iPhoneSimulator.ActiveCfg = AppStore|iPhoneSimulator
		{950E4BDB-36BB-43D2-ADE0-453897F8276B}.AppStore|iPhoneSimulator.Build.0 = AppStore|iPhoneSimulator
		{950E4BDB-36BB-43D2-ADE0-453897F8276B}.AppStore|x64.ActiveCfg = AppStore|iPhoneSimulator
		{950E4BDB-36BB-43D2-ADE0-453897F8276B}.AppStore|x86.ActiveCfg = AppStore|iPhoneSimulator
		{950E4BDB-36BB-43D2-ADE0-453897F8276B}.Debug|Any CPU.ActiveCfg = Debug|iPhone
		{950E4BDB-36BB-43D2-ADE0-453897F8276B}.Debug|Any CPU.Build.0 = Debug|iPhone
		{950E4BDB-36BB-43D2-ADE0-453897F8276B}.Debug|Any CPU.Deploy.0 = Debug|iPhone
		{950E4BDB-36BB-43D2-ADE0-453897F8276B}.Debug|ARM.ActiveCfg = Debug|iPhone
		{950E4BDB-36BB-43D2-ADE0-453897F8276B}.Debug|ARM64.ActiveCfg = Debug|iPhone
		{950E4BDB-36BB-43D2-ADE0-453897F8276B}.Debug|iPhone.ActiveCfg = Debug|iPhone
		{950E4BDB-36BB-43D2-ADE0-453897F8276B}.Debug|iPhone.Build.0 = Debug|iPhone
		{950E4BDB-36BB-43D2-ADE0-453897F8276B}.Debug|iPhoneSimulator.ActiveCfg = Debug|iPhoneSimulator
		{950E4BDB-36BB-43D2-ADE0-453897F8276B}.Debug|iPhoneSimulator.Build.0 = Debug|iPhoneSimulator
		{950E4BDB-36BB-43D2-ADE0-453897F8276B}.Debug|x64.ActiveCfg = Debug|iPhone
		{950E4BDB-36BB-43D2-ADE0-453897F8276B}.Debug|x64.Build.0 = Debug|iPhone
		{950E4BDB-36BB-43D2-ADE0-453897F8276B}.Debug|x64.Deploy.0 = Debug|iPhone
		{950E4BDB-36BB-43D2-ADE0-453897F8276B}.Debug|x86.ActiveCfg = Debug|iPhoneSimulator
		{950E4BDB-36BB-43D2-ADE0-453897F8276B}.Debug|x86.Build.0 = Debug|iPhoneSimulator
		{950E4BDB-36BB-43D2-ADE0-453897F8276B}.Debug|x86.Deploy.0 = Debug|iPhoneSimulator
		{950E4BDB-36BB-43D2-ADE0-453897F8276B}.Release|Any CPU.ActiveCfg = Release|iPhone
		{950E4BDB-36BB-43D2-ADE0-453897F8276B}.Release|ARM.ActiveCfg = Release|iPhone
		{950E4BDB-36BB-43D2-ADE0-453897F8276B}.Release|ARM64.ActiveCfg = Release|iPhone
		{950E4BDB-36BB-43D2-ADE0-453897F8276B}.Release|iPhone.ActiveCfg = Release|iPhone
		{950E4BDB-36BB-43D2-ADE0-453897F8276B}.Release|iPhone.Build.0 = Release|iPhone
		{950E4BDB-36BB-43D2-ADE0-453897F8276B}.Release|iPhoneSimulator.ActiveCfg = Release|iPhoneSimulator
		{950E4BDB-36BB-43D2-ADE0-453897F8276B}.Release|iPhoneSimulator.Build.0 = Release|iPhoneSimulator
		{950E4BDB-36BB-43D2-ADE0-453897F8276B}.Release|x64.ActiveCfg = Release|iPhoneSimulator
		{950E4BDB-36BB-43D2-ADE0-453897F8276B}.Release|x64.Build.0 = Release|iPhoneSimulator
		{950E4BDB-36BB-43D2-ADE0-453897F8276B}.Release|x64.Deploy.0 = Release|iPhoneSimulator
		{950E4BDB-36BB-43D2-ADE0-453897F8276B}.Release|x86.ActiveCfg = Release|iPhoneSimulator
		{950E4BDB-36BB-43D2-ADE0-453897F8276B}.Release|x86.Build.0 = Release|iPhoneSimulator
		{40EA03F7-8A22-4143-B251-79BAC3EB13D2}.Ad-Hoc|Any CPU.ActiveCfg = Release|Any CPU
		{40EA03F7-8A22-4143-B251-79BAC3EB13D2}.Ad-Hoc|Any CPU.Build.0 = Release|Any CPU
		{40EA03F7-8A22-4143-B251-79BAC3EB13D2}.Ad-Hoc|ARM.ActiveCfg = Release|Any CPU
		{40EA03F7-8A22-4143-B251-79BAC3EB13D2}.Ad-Hoc|ARM.Build.0 = Release|Any CPU
		{40EA03F7-8A22-4143-B251-79BAC3EB13D2}.Ad-Hoc|ARM64.ActiveCfg = Release|Any CPU
		{40EA03F7-8A22-4143-B251-79BAC3EB13D2}.Ad-Hoc|ARM64.Build.0 = Release|Any CPU
		{40EA03F7-8A22-4143-B251-79BAC3EB13D2}.Ad-Hoc|iPhone.ActiveCfg = Release|Any CPU
		{40EA03F7-8A22-4143-B251-79BAC3EB13D2}.Ad-Hoc|iPhone.Build.0 = Release|Any CPU
		{40EA03F7-8A22-4143-B251-79BAC3EB13D2}.Ad-Hoc|iPhoneSimulator.ActiveCfg = Release|Any CPU
		{40EA03F7-8A22-4143-B251-79BAC3EB13D2}.Ad-Hoc|iPhoneSimulator.Build.0 = Release|Any CPU
		{40EA03F7-8A22-4143-B251-79BAC3EB13D2}.Ad-Hoc|x64.ActiveCfg = Release|Any CPU
		{40EA03F7-8A22-4143-B251-79BAC3EB13D2}.Ad-Hoc|x64.Build.0 = Release|Any CPU
		{40EA03F7-8A22-4143-B251-79BAC3EB13D2}.Ad-Hoc|x86.ActiveCfg = Release|Any CPU
		{40EA03F7-8A22-4143-B251-79BAC3EB13D2}.Ad-Hoc|x86.Build.0 = Release|Any CPU
		{40EA03F7-8A22-4143-B251-79BAC3EB13D2}.AppStore|Any CPU.ActiveCfg = Release|Any CPU
		{40EA03F7-8A22-4143-B251-79BAC3EB13D2}.AppStore|Any CPU.Build.0 = Release|Any CPU
		{40EA03F7-8A22-4143-B251-79BAC3EB13D2}.AppStore|ARM.ActiveCfg = Release|Any CPU
		{40EA03F7-8A22-4143-B251-79BAC3EB13D2}.AppStore|ARM.Build.0 = Release|Any CPU
		{40EA03F7-8A22-4143-B251-79BAC3EB13D2}.AppStore|ARM64.ActiveCfg = Release|Any CPU
		{40EA03F7-8A22-4143-B251-79BAC3EB13D2}.AppStore|ARM64.Build.0 = Release|Any CPU
		{40EA03F7-8A22-4143-B251-79BAC3EB13D2}.AppStore|iPhone.ActiveCfg = Release|Any CPU
		{40EA03F7-8A22-4143-B251-79BAC3EB13D2}.AppStore|iPhone.Build.0 = Release|Any CPU
		{40EA03F7-8A22-4143-B251-79BAC3EB13D2}.AppStore|iPhoneSimulator.ActiveCfg = Release|Any CPU
		{40EA03F7-8A22-4143-B251-79BAC3EB13D2}.AppStore|iPhoneSimulator.Build.0 = Release|Any CPU
		{40EA03F7-8A22-4143-B251-79BAC3EB13D2}.AppStore|x64.ActiveCfg = Release|Any CPU
		{40EA03F7-8A22-4143-B251-79BAC3EB13D2}.AppStore|x64.Build.0 = Release|Any CPU
		{40EA03F7-8A22-4143-B251-79BAC3EB13D2}.AppStore|x86.ActiveCfg = Release|Any CPU
		{40EA03F7-8A22-4143-B251-79BAC3EB13D2}.AppStore|x86.Build.0 = Release|Any CPU
		{40EA03F7-8A22-4143-B251-79BAC3EB13D2}.Debug|Any CPU.ActiveCfg = Debug|Any CPU
		{40EA03F7-8A22-4143-B251-79BAC3EB13D2}.Debug|Any CPU.Build.0 = Debug|Any CPU
		{40EA03F7-8A22-4143-B251-79BAC3EB13D2}.Debug|ARM.ActiveCfg = Debug|Any CPU
		{40EA03F7-8A22-4143-B251-79BAC3EB13D2}.Debug|ARM.Build.0 = Debug|Any CPU
		{40EA03F7-8A22-4143-B251-79BAC3EB13D2}.Debug|ARM64.ActiveCfg = Debug|Any CPU
		{40EA03F7-8A22-4143-B251-79BAC3EB13D2}.Debug|ARM64.Build.0 = Debug|Any CPU
		{40EA03F7-8A22-4143-B251-79BAC3EB13D2}.Debug|iPhone.ActiveCfg = Debug|Any CPU
		{40EA03F7-8A22-4143-B251-79BAC3EB13D2}.Debug|iPhone.Build.0 = Debug|Any CPU
		{40EA03F7-8A22-4143-B251-79BAC3EB13D2}.Debug|iPhoneSimulator.ActiveCfg = Debug|Any CPU
		{40EA03F7-8A22-4143-B251-79BAC3EB13D2}.Debug|iPhoneSimulator.Build.0 = Debug|Any CPU
		{40EA03F7-8A22-4143-B251-79BAC3EB13D2}.Debug|x64.ActiveCfg = Debug|Any CPU
		{40EA03F7-8A22-4143-B251-79BAC3EB13D2}.Debug|x64.Build.0 = Debug|Any CPU
		{40EA03F7-8A22-4143-B251-79BAC3EB13D2}.Debug|x86.ActiveCfg = Debug|Any CPU
		{40EA03F7-8A22-4143-B251-79BAC3EB13D2}.Debug|x86.Build.0 = Debug|Any CPU
		{40EA03F7-8A22-4143-B251-79BAC3EB13D2}.Release|Any CPU.ActiveCfg = Release|Any CPU
		{40EA03F7-8A22-4143-B251-79BAC3EB13D2}.Release|Any CPU.Build.0 = Release|Any CPU
		{40EA03F7-8A22-4143-B251-79BAC3EB13D2}.Release|ARM.ActiveCfg = Release|Any CPU
		{40EA03F7-8A22-4143-B251-79BAC3EB13D2}.Release|ARM.Build.0 = Release|Any CPU
		{40EA03F7-8A22-4143-B251-79BAC3EB13D2}.Release|ARM64.ActiveCfg = Release|Any CPU
		{40EA03F7-8A22-4143-B251-79BAC3EB13D2}.Release|ARM64.Build.0 = Release|Any CPU
		{40EA03F7-8A22-4143-B251-79BAC3EB13D2}.Release|iPhone.ActiveCfg = Release|Any CPU
		{40EA03F7-8A22-4143-B251-79BAC3EB13D2}.Release|iPhone.Build.0 = Release|Any CPU
		{40EA03F7-8A22-4143-B251-79BAC3EB13D2}.Release|iPhoneSimulator.ActiveCfg = Release|Any CPU
		{40EA03F7-8A22-4143-B251-79BAC3EB13D2}.Release|iPhoneSimulator.Build.0 = Release|Any CPU
		{40EA03F7-8A22-4143-B251-79BAC3EB13D2}.Release|x64.ActiveCfg = Release|Any CPU
		{40EA03F7-8A22-4143-B251-79BAC3EB13D2}.Release|x64.Build.0 = Release|Any CPU
		{40EA03F7-8A22-4143-B251-79BAC3EB13D2}.Release|x86.ActiveCfg = Release|Any CPU
		{40EA03F7-8A22-4143-B251-79BAC3EB13D2}.Release|x86.Build.0 = Release|Any CPU
		{1AA13270-F438-4864-9435-54FD806E10EA}.Ad-Hoc|Any CPU.ActiveCfg = Release|Any CPU
		{1AA13270-F438-4864-9435-54FD806E10EA}.Ad-Hoc|Any CPU.Build.0 = Release|Any CPU
		{1AA13270-F438-4864-9435-54FD806E10EA}.Ad-Hoc|ARM.ActiveCfg = Release|Any CPU
		{1AA13270-F438-4864-9435-54FD806E10EA}.Ad-Hoc|ARM.Build.0 = Release|Any CPU
		{1AA13270-F438-4864-9435-54FD806E10EA}.Ad-Hoc|ARM64.ActiveCfg = Debug|arm64
		{1AA13270-F438-4864-9435-54FD806E10EA}.Ad-Hoc|ARM64.Build.0 = Debug|arm64
		{1AA13270-F438-4864-9435-54FD806E10EA}.Ad-Hoc|iPhone.ActiveCfg = Release|Any CPU
		{1AA13270-F438-4864-9435-54FD806E10EA}.Ad-Hoc|iPhone.Build.0 = Release|Any CPU
		{1AA13270-F438-4864-9435-54FD806E10EA}.Ad-Hoc|iPhoneSimulator.ActiveCfg = Release|Any CPU
		{1AA13270-F438-4864-9435-54FD806E10EA}.Ad-Hoc|iPhoneSimulator.Build.0 = Release|Any CPU
		{1AA13270-F438-4864-9435-54FD806E10EA}.Ad-Hoc|x64.ActiveCfg = Debug|x64
		{1AA13270-F438-4864-9435-54FD806E10EA}.Ad-Hoc|x64.Build.0 = Debug|x64
		{1AA13270-F438-4864-9435-54FD806E10EA}.Ad-Hoc|x86.ActiveCfg = Release|x86
		{1AA13270-F438-4864-9435-54FD806E10EA}.Ad-Hoc|x86.Build.0 = Release|x86
		{1AA13270-F438-4864-9435-54FD806E10EA}.AppStore|Any CPU.ActiveCfg = Release|Any CPU
		{1AA13270-F438-4864-9435-54FD806E10EA}.AppStore|Any CPU.Build.0 = Release|Any CPU
		{1AA13270-F438-4864-9435-54FD806E10EA}.AppStore|ARM.ActiveCfg = Release|Any CPU
		{1AA13270-F438-4864-9435-54FD806E10EA}.AppStore|ARM.Build.0 = Release|Any CPU
		{1AA13270-F438-4864-9435-54FD806E10EA}.AppStore|ARM64.ActiveCfg = Debug|arm64
		{1AA13270-F438-4864-9435-54FD806E10EA}.AppStore|ARM64.Build.0 = Debug|arm64
		{1AA13270-F438-4864-9435-54FD806E10EA}.AppStore|iPhone.ActiveCfg = Release|Any CPU
		{1AA13270-F438-4864-9435-54FD806E10EA}.AppStore|iPhone.Build.0 = Release|Any CPU
		{1AA13270-F438-4864-9435-54FD806E10EA}.AppStore|iPhoneSimulator.ActiveCfg = Release|Any CPU
		{1AA13270-F438-4864-9435-54FD806E10EA}.AppStore|iPhoneSimulator.Build.0 = Release|Any CPU
		{1AA13270-F438-4864-9435-54FD806E10EA}.AppStore|x64.ActiveCfg = Debug|x64
		{1AA13270-F438-4864-9435-54FD806E10EA}.AppStore|x64.Build.0 = Debug|x64
		{1AA13270-F438-4864-9435-54FD806E10EA}.AppStore|x86.ActiveCfg = Release|x86
		{1AA13270-F438-4864-9435-54FD806E10EA}.AppStore|x86.Build.0 = Release|x86
		{1AA13270-F438-4864-9435-54FD806E10EA}.Debug|Any CPU.ActiveCfg = Debug|x86
		{1AA13270-F438-4864-9435-54FD806E10EA}.Debug|Any CPU.Build.0 = Debug|x86
		{1AA13270-F438-4864-9435-54FD806E10EA}.Debug|ARM.ActiveCfg = Debug|Any CPU
		{1AA13270-F438-4864-9435-54FD806E10EA}.Debug|ARM.Build.0 = Debug|Any CPU
		{1AA13270-F438-4864-9435-54FD806E10EA}.Debug|ARM64.ActiveCfg = Debug|x86
		{1AA13270-F438-4864-9435-54FD806E10EA}.Debug|ARM64.Build.0 = Debug|x86
		{1AA13270-F438-4864-9435-54FD806E10EA}.Debug|iPhone.ActiveCfg = Debug|Any CPU
		{1AA13270-F438-4864-9435-54FD806E10EA}.Debug|iPhone.Build.0 = Debug|Any CPU
		{1AA13270-F438-4864-9435-54FD806E10EA}.Debug|iPhoneSimulator.ActiveCfg = Debug|Any CPU
		{1AA13270-F438-4864-9435-54FD806E10EA}.Debug|iPhoneSimulator.Build.0 = Debug|Any CPU
		{1AA13270-F438-4864-9435-54FD806E10EA}.Debug|x64.ActiveCfg = Debug|x86
		{1AA13270-F438-4864-9435-54FD806E10EA}.Debug|x64.Build.0 = Debug|x86
		{1AA13270-F438-4864-9435-54FD806E10EA}.Debug|x86.ActiveCfg = Debug|x86
		{1AA13270-F438-4864-9435-54FD806E10EA}.Debug|x86.Build.0 = Debug|x86
		{1AA13270-F438-4864-9435-54FD806E10EA}.Release|Any CPU.ActiveCfg = Release|Any CPU
		{1AA13270-F438-4864-9435-54FD806E10EA}.Release|Any CPU.Build.0 = Release|Any CPU
		{1AA13270-F438-4864-9435-54FD806E10EA}.Release|ARM.ActiveCfg = Release|Any CPU
		{1AA13270-F438-4864-9435-54FD806E10EA}.Release|ARM.Build.0 = Release|Any CPU
		{1AA13270-F438-4864-9435-54FD806E10EA}.Release|ARM64.ActiveCfg = Release|x86
		{1AA13270-F438-4864-9435-54FD806E10EA}.Release|ARM64.Build.0 = Release|x86
		{1AA13270-F438-4864-9435-54FD806E10EA}.Release|iPhone.ActiveCfg = Release|Any CPU
		{1AA13270-F438-4864-9435-54FD806E10EA}.Release|iPhone.Build.0 = Release|Any CPU
		{1AA13270-F438-4864-9435-54FD806E10EA}.Release|iPhoneSimulator.ActiveCfg = Release|Any CPU
		{1AA13270-F438-4864-9435-54FD806E10EA}.Release|iPhoneSimulator.Build.0 = Release|Any CPU
		{1AA13270-F438-4864-9435-54FD806E10EA}.Release|x64.ActiveCfg = Release|x86
		{1AA13270-F438-4864-9435-54FD806E10EA}.Release|x64.Build.0 = Release|x86
		{1AA13270-F438-4864-9435-54FD806E10EA}.Release|x86.ActiveCfg = Release|x86
		{1AA13270-F438-4864-9435-54FD806E10EA}.Release|x86.Build.0 = Release|x86
		{DDCA0645-5C7D-4BB3-BDA4-C70E9D7335B6}.Ad-Hoc|Any CPU.ActiveCfg = Debug|arm64
		{DDCA0645-5C7D-4BB3-BDA4-C70E9D7335B6}.Ad-Hoc|Any CPU.Build.0 = Debug|arm64
		{DDCA0645-5C7D-4BB3-BDA4-C70E9D7335B6}.Ad-Hoc|Any CPU.Deploy.0 = Debug|arm64
		{DDCA0645-5C7D-4BB3-BDA4-C70E9D7335B6}.Ad-Hoc|ARM.ActiveCfg = Debug|arm64
		{DDCA0645-5C7D-4BB3-BDA4-C70E9D7335B6}.Ad-Hoc|ARM.Build.0 = Debug|arm64
		{DDCA0645-5C7D-4BB3-BDA4-C70E9D7335B6}.Ad-Hoc|ARM.Deploy.0 = Debug|arm64
		{DDCA0645-5C7D-4BB3-BDA4-C70E9D7335B6}.Ad-Hoc|ARM64.ActiveCfg = Debug|arm64
		{DDCA0645-5C7D-4BB3-BDA4-C70E9D7335B6}.Ad-Hoc|ARM64.Build.0 = Debug|arm64
		{DDCA0645-5C7D-4BB3-BDA4-C70E9D7335B6}.Ad-Hoc|ARM64.Deploy.0 = Debug|arm64
		{DDCA0645-5C7D-4BB3-BDA4-C70E9D7335B6}.Ad-Hoc|iPhone.ActiveCfg = Debug|arm64
		{DDCA0645-5C7D-4BB3-BDA4-C70E9D7335B6}.Ad-Hoc|iPhone.Build.0 = Debug|arm64
		{DDCA0645-5C7D-4BB3-BDA4-C70E9D7335B6}.Ad-Hoc|iPhone.Deploy.0 = Debug|arm64
		{DDCA0645-5C7D-4BB3-BDA4-C70E9D7335B6}.Ad-Hoc|iPhoneSimulator.ActiveCfg = Debug|arm64
		{DDCA0645-5C7D-4BB3-BDA4-C70E9D7335B6}.Ad-Hoc|iPhoneSimulator.Build.0 = Debug|arm64
		{DDCA0645-5C7D-4BB3-BDA4-C70E9D7335B6}.Ad-Hoc|iPhoneSimulator.Deploy.0 = Debug|arm64
		{DDCA0645-5C7D-4BB3-BDA4-C70E9D7335B6}.Ad-Hoc|x64.ActiveCfg = Debug|x64
		{DDCA0645-5C7D-4BB3-BDA4-C70E9D7335B6}.Ad-Hoc|x64.Build.0 = Debug|x64
		{DDCA0645-5C7D-4BB3-BDA4-C70E9D7335B6}.Ad-Hoc|x64.Deploy.0 = Debug|x64
		{DDCA0645-5C7D-4BB3-BDA4-C70E9D7335B6}.Ad-Hoc|x86.ActiveCfg = Debug|x86
		{DDCA0645-5C7D-4BB3-BDA4-C70E9D7335B6}.Ad-Hoc|x86.Build.0 = Debug|x86
		{DDCA0645-5C7D-4BB3-BDA4-C70E9D7335B6}.Ad-Hoc|x86.Deploy.0 = Debug|x86
		{DDCA0645-5C7D-4BB3-BDA4-C70E9D7335B6}.AppStore|Any CPU.ActiveCfg = Debug|arm64
		{DDCA0645-5C7D-4BB3-BDA4-C70E9D7335B6}.AppStore|Any CPU.Build.0 = Debug|arm64
		{DDCA0645-5C7D-4BB3-BDA4-C70E9D7335B6}.AppStore|Any CPU.Deploy.0 = Debug|arm64
		{DDCA0645-5C7D-4BB3-BDA4-C70E9D7335B6}.AppStore|ARM.ActiveCfg = Debug|arm64
		{DDCA0645-5C7D-4BB3-BDA4-C70E9D7335B6}.AppStore|ARM.Build.0 = Debug|arm64
		{DDCA0645-5C7D-4BB3-BDA4-C70E9D7335B6}.AppStore|ARM.Deploy.0 = Debug|arm64
		{DDCA0645-5C7D-4BB3-BDA4-C70E9D7335B6}.AppStore|ARM64.ActiveCfg = Debug|arm64
		{DDCA0645-5C7D-4BB3-BDA4-C70E9D7335B6}.AppStore|ARM64.Build.0 = Debug|arm64
		{DDCA0645-5C7D-4BB3-BDA4-C70E9D7335B6}.AppStore|ARM64.Deploy.0 = Debug|arm64
		{DDCA0645-5C7D-4BB3-BDA4-C70E9D7335B6}.AppStore|iPhone.ActiveCfg = Debug|arm64
		{DDCA0645-5C7D-4BB3-BDA4-C70E9D7335B6}.AppStore|iPhone.Build.0 = Debug|arm64
		{DDCA0645-5C7D-4BB3-BDA4-C70E9D7335B6}.AppStore|iPhone.Deploy.0 = Debug|arm64
		{DDCA0645-5C7D-4BB3-BDA4-C70E9D7335B6}.AppStore|iPhoneSimulator.ActiveCfg = Debug|arm64
		{DDCA0645-5C7D-4BB3-BDA4-C70E9D7335B6}.AppStore|iPhoneSimulator.Build.0 = Debug|arm64
		{DDCA0645-5C7D-4BB3-BDA4-C70E9D7335B6}.AppStore|iPhoneSimulator.Deploy.0 = Debug|arm64
		{DDCA0645-5C7D-4BB3-BDA4-C70E9D7335B6}.AppStore|x64.ActiveCfg = Debug|x64
		{DDCA0645-5C7D-4BB3-BDA4-C70E9D7335B6}.AppStore|x64.Build.0 = Debug|x64
		{DDCA0645-5C7D-4BB3-BDA4-C70E9D7335B6}.AppStore|x64.Deploy.0 = Debug|x64
		{DDCA0645-5C7D-4BB3-BDA4-C70E9D7335B6}.AppStore|x86.ActiveCfg = Debug|x86
		{DDCA0645-5C7D-4BB3-BDA4-C70E9D7335B6}.AppStore|x86.Build.0 = Debug|x86
		{DDCA0645-5C7D-4BB3-BDA4-C70E9D7335B6}.AppStore|x86.Deploy.0 = Debug|x86
		{DDCA0645-5C7D-4BB3-BDA4-C70E9D7335B6}.Debug|Any CPU.ActiveCfg = Debug|x86
		{DDCA0645-5C7D-4BB3-BDA4-C70E9D7335B6}.Debug|Any CPU.Build.0 = Debug|x86
		{DDCA0645-5C7D-4BB3-BDA4-C70E9D7335B6}.Debug|Any CPU.Deploy.0 = Debug|x86
		{DDCA0645-5C7D-4BB3-BDA4-C70E9D7335B6}.Debug|ARM.ActiveCfg = Debug|x86
		{DDCA0645-5C7D-4BB3-BDA4-C70E9D7335B6}.Debug|ARM64.ActiveCfg = Debug|arm64
		{DDCA0645-5C7D-4BB3-BDA4-C70E9D7335B6}.Debug|ARM64.Build.0 = Debug|arm64
		{DDCA0645-5C7D-4BB3-BDA4-C70E9D7335B6}.Debug|ARM64.Deploy.0 = Debug|arm64
		{DDCA0645-5C7D-4BB3-BDA4-C70E9D7335B6}.Debug|iPhone.ActiveCfg = Debug|x86
		{DDCA0645-5C7D-4BB3-BDA4-C70E9D7335B6}.Debug|iPhoneSimulator.ActiveCfg = Debug|x86
		{DDCA0645-5C7D-4BB3-BDA4-C70E9D7335B6}.Debug|x64.ActiveCfg = Debug|x64
		{DDCA0645-5C7D-4BB3-BDA4-C70E9D7335B6}.Debug|x64.Build.0 = Debug|x64
		{DDCA0645-5C7D-4BB3-BDA4-C70E9D7335B6}.Debug|x64.Deploy.0 = Debug|x64
		{DDCA0645-5C7D-4BB3-BDA4-C70E9D7335B6}.Debug|x86.ActiveCfg = Debug|x86
		{DDCA0645-5C7D-4BB3-BDA4-C70E9D7335B6}.Debug|x86.Build.0 = Debug|x86
		{DDCA0645-5C7D-4BB3-BDA4-C70E9D7335B6}.Debug|x86.Deploy.0 = Debug|x86
		{DDCA0645-5C7D-4BB3-BDA4-C70E9D7335B6}.Release|Any CPU.ActiveCfg = Release|x86
		{DDCA0645-5C7D-4BB3-BDA4-C70E9D7335B6}.Release|ARM.ActiveCfg = Release|x86
		{DDCA0645-5C7D-4BB3-BDA4-C70E9D7335B6}.Release|ARM64.ActiveCfg = Release|arm64
		{DDCA0645-5C7D-4BB3-BDA4-C70E9D7335B6}.Release|ARM64.Build.0 = Release|arm64
		{DDCA0645-5C7D-4BB3-BDA4-C70E9D7335B6}.Release|ARM64.Deploy.0 = Release|arm64
		{DDCA0645-5C7D-4BB3-BDA4-C70E9D7335B6}.Release|iPhone.ActiveCfg = Release|x86
		{DDCA0645-5C7D-4BB3-BDA4-C70E9D7335B6}.Release|iPhoneSimulator.ActiveCfg = Release|x86
		{DDCA0645-5C7D-4BB3-BDA4-C70E9D7335B6}.Release|x64.ActiveCfg = Release|x64
		{DDCA0645-5C7D-4BB3-BDA4-C70E9D7335B6}.Release|x64.Build.0 = Release|x64
		{DDCA0645-5C7D-4BB3-BDA4-C70E9D7335B6}.Release|x64.Deploy.0 = Release|x64
		{DDCA0645-5C7D-4BB3-BDA4-C70E9D7335B6}.Release|x86.ActiveCfg = Release|x86
		{DDCA0645-5C7D-4BB3-BDA4-C70E9D7335B6}.Release|x86.Build.0 = Release|x86
		{DDCA0645-5C7D-4BB3-BDA4-C70E9D7335B6}.Release|x86.Deploy.0 = Release|x86
	EndGlobalSection
	GlobalSection(SolutionProperties) = preSolution
		HideSolutionNode = FALSE
	EndGlobalSection
	GlobalSection(NestedProjects) = preSolution
		{C6EE1CE5-6EA4-441D-A724-31911D6F63D6} = {64E11BED-A91A-4A54-9D86-4B8A8BE13B2E}
		{950E4BDB-36BB-43D2-ADE0-453897F8276B} = {64E11BED-A91A-4A54-9D86-4B8A8BE13B2E}
		{40EA03F7-8A22-4143-B251-79BAC3EB13D2} = {64E11BED-A91A-4A54-9D86-4B8A8BE13B2E}
		{1AA13270-F438-4864-9435-54FD806E10EA} = {64E11BED-A91A-4A54-9D86-4B8A8BE13B2E}
		{DDCA0645-5C7D-4BB3-BDA4-C70E9D7335B6} = {64E11BED-A91A-4A54-9D86-4B8A8BE13B2E}
	EndGlobalSection
	GlobalSection(ExtensibilityGlobals) = postSolution
		SolutionGuid = {C7433AE2-B1A0-4C1A-887E-5CAA7AAF67A6}
	EndGlobalSection
EndGlobal
